// !$*UTF8*$!
{
	archiveVersion = 1;
	classes = {
	};
	objectVersion = 55;
	objects = {

/* Begin PBXBuildFile section */
		9725009C285BF9EC003E1AB6 /* demo1App.swift in Sources */ = {isa = PBXBuildFile; fileRef = 9725009B285BF9EC003E1AB6 /* demo1App.swift */; };
		9725009E285BF9EC003E1AB6 /* ContentView.swift in Sources */ = {isa = PBXBuildFile; fileRef = 9725009D285BF9EC003E1AB6 /* ContentView.swift */; };
		972500A0285BF9EF003E1AB6 /* Assets.xcassets in Resources */ = {isa = PBXBuildFile; fileRef = 9725009F285BF9EF003E1AB6 /* Assets.xcassets */; };
		972500A3285BF9EF003E1AB6 /* Preview Assets.xcassets in Resources */ = {isa = PBXBuildFile; fileRef = 972500A2285BF9EF003E1AB6 /* Preview Assets.xcassets */; };
		972500AD285BF9EF003E1AB6 /* demo1Tests.swift in Sources */ = {isa = PBXBuildFile; fileRef = 972500AC285BF9EF003E1AB6 /* demo1Tests.swift */; };
		972500B7285BF9EF003E1AB6 /* demo1UITests.swift in Sources */ = {isa = PBXBuildFile; fileRef = 972500B6285BF9EF003E1AB6 /* demo1UITests.swift */; };
		972500B9285BF9EF003E1AB6 /* demo1UITestsLaunchTests.swift in Sources */ = {isa = PBXBuildFile; fileRef = 972500B8285BF9EF003E1AB6 /* demo1UITestsLaunchTests.swift */; };
/* End PBXBuildFile section */

/* Begin PBXContainerItemProxy section */
		972500A9285BF9EF003E1AB6 /* PBXContainerItemProxy */ = {
			isa = PBXContainerItemProxy;
			containerPortal = 97250090285BF9EC003E1AB6 /* Project object */;
			proxyType = 1;
			remoteGlobalIDString = 97250097285BF9EC003E1AB6;
			remoteInfo = demo1;
		};
		972500B3285BF9EF003E1AB6 /* PBXContainerItemProxy */ = {
			isa = PBXContainerItemProxy;
			containerPortal = 97250090285BF9EC003E1AB6 /* Project object */;
			proxyType = 1;
			remoteGlobalIDString = 97250097285BF9EC003E1AB6;
			remoteInfo = demo1;
		};
/* End PBXContainerItemProxy section */

/* Begin PBXFileReference section */
		97250098285BF9EC003E1AB6 /* demo1.app */ = {isa = PBXFileReference; explicitFileType = wrapper.application; includeInIndex = 0; path = demo1.app; sourceTree = BUILT_PRODUCTS_DIR; };
		9725009B285BF9EC003E1AB6 /* demo1App.swift */ = {isa = PBXFileReference; lastKnownFileType = sourcecode.swift; path = demo1App.swift; sourceTree = "<group>"; };
		9725009D285BF9EC003E1AB6 /* ContentView.swift */ = {isa = PBXFileReference; lastKnownFileType = sourcecode.swift; path = ContentView.swift; sourceTree = "<group>"; };
		9725009F285BF9EF003E1AB6 /* Assets.xcassets */ = {isa = PBXFileReference; lastKnownFileType = folder.assetcatalog; path = Assets.xcassets; sourceTree = "<group>"; };
		972500A2285BF9EF003E1AB6 /* Preview Assets.xcassets */ = {isa = PBXFileReference; lastKnownFileType = folder.assetcatalog; path = "Preview Assets.xcassets"; sourceTree = "<group>"; };
		972500A8285BF9EF003E1AB6 /* demo1Tests.xctest */ = {isa = PBXFileReference; explicitFileType = wrapper.cfbundle; includeInIndex = 0; path = demo1Tests.xctest; sourceTree = BUILT_PRODUCTS_DIR; };
		972500AC285BF9EF003E1AB6 /* demo1Tests.swift */ = {isa = PBXFileReference; lastKnownFileType = sourcecode.swift; path = demo1Tests.swift; sourceTree = "<group>"; };
		972500B2285BF9EF003E1AB6 /* demo1UITests.xctest */ = {isa = PBXFileReference; explicitFileType = wrapper.cfbundle; includeInIndex = 0; path = demo1UITests.xctest; sourceTree = BUILT_PRODUCTS_DIR; };
		972500B6285BF9EF003E1AB6 /* demo1UITests.swift */ = {isa = PBXFileReference; lastKnownFileType = sourcecode.swift; path = demo1UITests.swift; sourceTree = "<group>"; };
		972500B8285BF9EF003E1AB6 /* demo1UITestsLaunchTests.swift */ = {isa = PBXFileReference; lastKnownFileType = sourcecode.swift; path = demo1UITestsLaunchTests.swift; sourceTree = "<group>"; };
/* End PBXFileReference section */

/* Begin PBXFrameworksBuildPhase section */
		97250095285BF9EC003E1AB6 /* Frameworks */ = {
			isa = PBXFrameworksBuildPhase;
			buildActionMask = 2147483647;
			files = (
			);
			runOnlyForDeploymentPostprocessing = 0;
		};
		972500A5285BF9EF003E1AB6 /* Frameworks */ = {
			isa = PBXFrameworksBuildPhase;
			buildActionMask = 2147483647;
			files = (
			);
			runOnlyForDeploymentPostprocessing = 0;
		};
		972500AF285BF9EF003E1AB6 /* Frameworks */ = {
			isa = PBXFrameworksBuildPhase;
			buildActionMask = 2147483647;
			files = (
			);
			runOnlyForDeploymentPostprocessing = 0;
		};
/* End PBXFrameworksBuildPhase section */

/* Begin PBXGroup section */
		9725008F285BF9EC003E1AB6 = {
			isa = PBXGroup;
			children = (
				9725009A285BF9EC003E1AB6 /* demo1 */,
				972500AB285BF9EF003E1AB6 /* demo1Tests */,
				972500B5285BF9EF003E1AB6 /* demo1UITests */,
				97250099285BF9EC003E1AB6 /* Products */,
			);
			sourceTree = "<group>";
		};
		97250099285BF9EC003E1AB6 /* Products */ = {
			isa = PBXGroup;
			children = (
				97250098285BF9EC003E1AB6 /* demo1.app */,
				972500A8285BF9EF003E1AB6 /* demo1Tests.xctest */,
				972500B2285BF9EF003E1AB6 /* demo1UITests.xctest */,
			);
			name = Products;
			sourceTree = "<group>";
		};
		9725009A285BF9EC003E1AB6 /* demo1 */ = {
			isa = PBXGroup;
			children = (
				9725009B285BF9EC003E1AB6 /* demo1App.swift */,
				9725009D285BF9EC003E1AB6 /* ContentView.swift */,
				9725009F285BF9EF003E1AB6 /* Assets.xcassets */,
				972500A1285BF9EF003E1AB6 /* Preview Content */,
			);
			path = demo1;
			sourceTree = "<group>";
		};
		972500A1285BF9EF003E1AB6 /* Preview Content */ = {
			isa = PBXGroup;
			children = (
				972500A2285BF9EF003E1AB6 /* Preview Assets.xcassets */,
			);
			path = "Preview Content";
			sourceTree = "<group>";
		};
		972500AB285BF9EF003E1AB6 /* demo1Tests */ = {
			isa = PBXGroup;
			children = (
				972500AC285BF9EF003E1AB6 /* demo1Tests.swift */,
			);
			path = demo1Tests;
			sourceTree = "<group>";
		};
		972500B5285BF9EF003E1AB6 /* demo1UITests */ = {
			isa = PBXGroup;
			children = (
				972500B6285BF9EF003E1AB6 /* demo1UITests.swift */,
				972500B8285BF9EF003E1AB6 /* demo1UITestsLaunchTests.swift */,
			);
			path = demo1UITests;
			sourceTree = "<group>";
		};
/* End PBXGroup section */

/* Begin PBXNativeTarget section */
		97250097285BF9EC003E1AB6 /* demo1 */ = {
			isa = PBXNativeTarget;
			buildConfigurationList = 972500BC285BF9EF003E1AB6 /* Build configuration list for PBXNativeTarget "demo1" */;
			buildPhases = (
				97250094285BF9EC003E1AB6 /* Sources */,
				97250095285BF9EC003E1AB6 /* Frameworks */,
				97250096285BF9EC003E1AB6 /* Resources */,
			);
			buildRules = (
			);
			dependencies = (
			);
			name = demo1;
			productName = demo1;
			productReference = 97250098285BF9EC003E1AB6 /* demo1.app */;
			productType = "com.apple.product-type.application";
		};
		972500A7285BF9EF003E1AB6 /* demo1Tests */ = {
			isa = PBXNativeTarget;
			buildConfigurationList = 972500BF285BF9EF003E1AB6 /* Build configuration list for PBXNativeTarget "demo1Tests" */;
			buildPhases = (
				972500A4285BF9EF003E1AB6 /* Sources */,
				972500A5285BF9EF003E1AB6 /* Frameworks */,
				972500A6285BF9EF003E1AB6 /* Resources */,
			);
			buildRules = (
			);
			dependencies = (
				972500AA285BF9EF003E1AB6 /* PBXTargetDependency */,
			);
			name = demo1Tests;
			productName = demo1Tests;
			productReference = 972500A8285BF9EF003E1AB6 /* demo1Tests.xctest */;
			productType = "com.apple.product-type.bundle.unit-test";
		};
		972500B1285BF9EF003E1AB6 /* demo1UITests */ = {
			isa = PBXNativeTarget;
			buildConfigurationList = 972500C2285BF9EF003E1AB6 /* Build configuration list for PBXNativeTarget "demo1UITests" */;
			buildPhases = (
				972500AE285BF9EF003E1AB6 /* Sources */,
				972500AF285BF9EF003E1AB6 /* Frameworks */,
				972500B0285BF9EF003E1AB6 /* Resources */,
			);
			buildRules = (
			);
			dependencies = (
				972500B4285BF9EF003E1AB6 /* PBXTargetDependency */,
			);
			name = demo1UITests;
			productName = demo1UITests;
			productReference = 972500B2285BF9EF003E1AB6 /* demo1UITests.xctest */;
			productType = "com.apple.product-type.bundle.ui-testing";
		};
/* End PBXNativeTarget section */

/* Begin PBXProject section */
		97250090285BF9EC003E1AB6 /* Project object */ = {
			isa = PBXProject;
			attributes = {
				BuildIndependentTargetsInParallel = 1;
				LastSwiftUpdateCheck = 1340;
				LastUpgradeCheck = 1340;
				TargetAttributes = {
					97250097285BF9EC003E1AB6 = {
						CreatedOnToolsVersion = 13.4.1;
					};
					972500A7285BF9EF003E1AB6 = {
						CreatedOnToolsVersion = 13.4.1;
						TestTargetID = 97250097285BF9EC003E1AB6;
					};
					972500B1285BF9EF003E1AB6 = {
						CreatedOnToolsVersion = 13.4.1;
						TestTargetID = 97250097285BF9EC003E1AB6;
					};
				};
			};
			buildConfigurationList = 97250093285BF9EC003E1AB6 /* Build configuration list for PBXProject "demo1" */;
			compatibilityVersion = "Xcode 13.0";
			developmentRegion = en;
			hasScannedForEncodings = 0;
			knownRegions = (
				en,
				Base,
			);
			mainGroup = 9725008F285BF9EC003E1AB6;
			productRefGroup = 97250099285BF9EC003E1AB6 /* Products */;
			projectDirPath = "";
			projectRoot = "";
			targets = (
				97250097285BF9EC003E1AB6 /* demo1 */,
				972500A7285BF9EF003E1AB6 /* demo1Tests */,
				972500B1285BF9EF003E1AB6 /* demo1UITests */,
			);
		};
/* End PBXProject section */

/* Begin PBXResourcesBuildPhase section */
		97250096285BF9EC003E1AB6 /* Resources */ = {
			isa = PBXResourcesBuildPhase;
			buildActionMask = 2147483647;
			files = (
				972500A3285BF9EF003E1AB6 /* Preview Assets.xcassets in Resources */,
				972500A0285BF9EF003E1AB6 /* Assets.xcassets in Resources */,
			);
			runOnlyForDeploymentPostprocessing = 0;
		};
		972500A6285BF9EF003E1AB6 /* Resources */ = {
			isa = PBXResourcesBuildPhase;
			buildActionMask = 2147483647;
			files = (
			);
			runOnlyForDeploymentPostprocessing = 0;
		};
		972500B0285BF9EF003E1AB6 /* Resources */ = {
			isa = PBXResourcesBuildPhase;
			buildActionMask = 2147483647;
			files = (
			);
			runOnlyForDeploymentPostprocessing = 0;
		};
/* End PBXResourcesBuildPhase section */

/* Begin PBXSourcesBuildPhase section */
		97250094285BF9EC003E1AB6 /* Sources */ = {
			isa = PBXSourcesBuildPhase;
			buildActionMask = 2147483647;
			files = (
				9725009E285BF9EC003E1AB6 /* ContentView.swift in Sources */,
				9725009C285BF9EC003E1AB6 /* demo1App.swift in Sources */,
			);
			runOnlyForDeploymentPostprocessing = 0;
		};
		972500A4285BF9EF003E1AB6 /* Sources */ = {
			isa = PBXSourcesBuildPhase;
			buildActionMask = 2147483647;
			files = (
				972500AD285BF9EF003E1AB6 /* demo1Tests.swift in Sources */,
			);
			runOnlyForDeploymentPostprocessing = 0;
		};
		972500AE285BF9EF003E1AB6 /* Sources */ = {
			isa = PBXSourcesBuildPhase;
			buildActionMask = 2147483647;
			files = (
				972500B7285BF9EF003E1AB6 /* demo1UITests.swift in Sources */,
				972500B9285BF9EF003E1AB6 /* demo1UITestsLaunchTests.swift in Sources */,
			);
			runOnlyForDeploymentPostprocessing = 0;
		};
/* End PBXSourcesBuildPhase section */

/* Begin PBXTargetDependency section */
		972500AA285BF9EF003E1AB6 /* PBXTargetDependency */ = {
			isa = PBXTargetDependency;
			target = 97250097285BF9EC003E1AB6 /* demo1 */;
			targetProxy = 972500A9285BF9EF003E1AB6 /* PBXContainerItemProxy */;
		};
		972500B4285BF9EF003E1AB6 /* PBXTargetDependency */ = {
			isa = PBXTargetDependency;
			target = 97250097285BF9EC003E1AB6 /* demo1 */;
			targetProxy = 972500B3285BF9EF003E1AB6 /* PBXContainerItemProxy */;
		};
/* End PBXTargetDependency section */

/* Begin XCBuildConfiguration section */
		972500BA285BF9EF003E1AB6 /* Debug */ = {
			isa = XCBuildConfiguration;
			buildSettings = {
				ALWAYS_SEARCH_USER_PATHS = NO;
				CLANG_ANALYZER_NONNULL = YES;
				CLANG_ANALYZER_NUMBER_OBJECT_CONVERSION = YES_AGGRESSIVE;
				CLANG_CXX_LANGUAGE_STANDARD = "gnu++17";
				CLANG_ENABLE_MODULES = YES;
				CLANG_ENABLE_OBJC_ARC = YES;
				CLANG_ENABLE_OBJC_WEAK = YES;
				CLANG_WARN_BLOCK_CAPTURE_AUTORELEASING = YES;
				CLANG_WARN_BOOL_CONVERSION = YES;
				CLANG_WARN_COMMA = YES;
				CLANG_WARN_CONSTANT_CONVERSION = YES;
				CLANG_WARN_DEPRECATED_OBJC_IMPLEMENTATIONS = YES;
				CLANG_WARN_DIRECT_OBJC_ISA_USAGE = YES_ERROR;
				CLANG_WARN_DOCUMENTATION_COMMENTS = YES;
				CLANG_WARN_EMPTY_BODY = YES;
				CLANG_WARN_ENUM_CONVERSION = YES;
				CLANG_WARN_INFINITE_RECURSION = YES;
				CLANG_WARN_INT_CONVERSION = YES;
				CLANG_WARN_NON_LITERAL_NULL_CONVERSION = YES;
				CLANG_WARN_OBJC_IMPLICIT_RETAIN_SELF = YES;
				CLANG_WARN_OBJC_LITERAL_CONVERSION = YES;
				CLANG_WARN_OBJC_ROOT_CLASS = YES_ERROR;
				CLANG_WARN_QUOTED_INCLUDE_IN_FRAMEWORK_HEADER = YES;
				CLANG_WARN_RANGE_LOOP_ANALYSIS = YES;
				CLANG_WARN_STRICT_PROTOTYPES = YES;
				CLANG_WARN_SUSPICIOUS_MOVE = YES;
				CLANG_WARN_UNGUARDED_AVAILABILITY = YES_AGGRESSIVE;
				CLANG_WARN_UNREACHABLE_CODE = YES;
				CLANG_WARN__DUPLICATE_METHOD_MATCH = YES;
				COPY_PHASE_STRIP = NO;
				DEBUG_INFORMATION_FORMAT = dwarf;
				ENABLE_STRICT_OBJC_MSGSEND = YES;
				ENABLE_TESTABILITY = YES;
				GCC_C_LANGUAGE_STANDARD = gnu11;
				GCC_DYNAMIC_NO_PIC = NO;
				GCC_NO_COMMON_BLOCKS = YES;
				GCC_OPTIMIZATION_LEVEL = 0;
				GCC_PREPROCESSOR_DEFINITIONS = (
					"DEBUG=1",
					"$(inherited)",
				);
				GCC_WARN_64_TO_32_BIT_CONVERSION = YES;
				GCC_WARN_ABOUT_RETURN_TYPE = YES_ERROR;
				GCC_WARN_UNDECLARED_SELECTOR = YES;
				GCC_WARN_UNINITIALIZED_AUTOS = YES_AGGRESSIVE;
				GCC_WARN_UNUSED_FUNCTION = YES;
				GCC_WARN_UNUSED_VARIABLE = YES;
				IPHONEOS_DEPLOYMENT_TARGET = 15.5;
				MTL_ENABLE_DEBUG_INFO = INCLUDE_SOURCE;
				MTL_FAST_MATH = YES;
				ONLY_ACTIVE_ARCH = YES;
				SDKROOT = iphoneos;
				SWIFT_ACTIVE_COMPILATION_CONDITIONS = DEBUG;
				SWIFT_OPTIMIZATION_LEVEL = "-Onone";
			};
			name = Debug;
		};
		972500BB285BF9EF003E1AB6 /* Release */ = {
			isa = XCBuildConfiguration;
			buildSettings = {
				ALWAYS_SEARCH_USER_PATHS = NO;
				CLANG_ANALYZER_NONNULL = YES;
				CLANG_ANALYZER_NUMBER_OBJECT_CONVERSION = YES_AGGRESSIVE;
				CLANG_CXX_LANGUAGE_STANDARD = "gnu++17";
				CLANG_ENABLE_MODULES = YES;
				CLANG_ENABLE_OBJC_ARC = YES;
				CLANG_ENABLE_OBJC_WEAK = YES;
				CLANG_WARN_BLOCK_CAPTURE_AUTORELEASING = YES;
				CLANG_WARN_BOOL_CONVERSION = YES;
				CLANG_WARN_COMMA = YES;
				CLANG_WARN_CONSTANT_CONVERSION = YES;
				CLANG_WARN_DEPRECATED_OBJC_IMPLEMENTATIONS = YES;
				CLANG_WARN_DIRECT_OBJC_ISA_USAGE = YES_ERROR;
				CLANG_WARN_DOCUMENTATION_COMMENTS = YES;
				CLANG_WARN_EMPTY_BODY = YES;
				CLANG_WARN_ENUM_CONVERSION = YES;
				CLANG_WARN_INFINITE_RECURSION = YES;
				CLANG_WARN_INT_CONVERSION = YES;
				CLANG_WARN_NON_LITERAL_NULL_CONVERSION = YES;
				CLANG_WARN_OBJC_IMPLICIT_RETAIN_SELF = YES;
				CLANG_WARN_OBJC_LITERAL_CONVERSION = YES;
				CLANG_WARN_OBJC_ROOT_CLASS = YES_ERROR;
				CLANG_WARN_QUOTED_INCLUDE_IN_FRAMEWORK_HEADER = YES;
				CLANG_WARN_RANGE_LOOP_ANALYSIS = YES;
				CLANG_WARN_STRICT_PROTOTYPES = YES;
				CLANG_WARN_SUSPICIOUS_MOVE = YES;
				CLANG_WARN_UNGUARDED_AVAILABILITY = YES_AGGRESSIVE;
				CLANG_WARN_UNREACHABLE_CODE = YES;
				CLANG_WARN__DUPLICATE_METHOD_MATCH = YES;
				COPY_PHASE_STRIP = NO;
				DEBUG_INFORMATION_FORMAT = "dwarf-with-dsym";
				ENABLE_NS_ASSERTIONS = NO;
				ENABLE_STRICT_OBJC_MSGSEND = YES;
				GCC_C_LANGUAGE_STANDARD = gnu11;
				GCC_NO_COMMON_BLOCKS = YES;
				GCC_WARN_64_TO_32_BIT_CONVERSION = YES;
				GCC_WARN_ABOUT_RETURN_TYPE = YES_ERROR;
				GCC_WARN_UNDECLARED_SELECTOR = YES;
				GCC_WARN_UNINITIALIZED_AUTOS = YES_AGGRESSIVE;
				GCC_WARN_UNUSED_FUNCTION = YES;
				GCC_WARN_UNUSED_VARIABLE = YES;
				IPHONEOS_DEPLOYMENT_TARGET = 15.5;
				MTL_ENABLE_DEBUG_INFO = NO;
				MTL_FAST_MATH = YES;
				SDKROOT = iphoneos;
				SWIFT_COMPILATION_MODE = wholemodule;
				SWIFT_OPTIMIZATION_LEVEL = "-O";
				VALIDATE_PRODUCT = YES;
			};
			name = Release;
		};
		972500BD285BF9EF003E1AB6 /* Debug */ = {
			isa = XCBuildConfiguration;
			buildSettings = {
				ASSETCATALOG_COMPILER_APPICON_NAME = AppIcon;
				ASSETCATALOG_COMPILER_GLOBAL_ACCENT_COLOR_NAME = AccentColor;
				CODE_SIGN_STYLE = Automatic;
				CURRENT_PROJECT_VERSION = 1;
				DEVELOPMENT_ASSET_PATHS = "\"demo1/Preview Content\"";
				DEVELOPMENT_TEAM = 827QJZ93XY;
				ENABLE_PREVIEWS = YES;
				GENERATE_INFOPLIST_FILE = YES;
				INFOPLIST_KEY_UIApplicationSceneManifest_Generation = YES;
				INFOPLIST_KEY_UIApplicationSupportsIndirectInputEvents = YES;
				INFOPLIST_KEY_UILaunchScreen_Generation = YES;
				INFOPLIST_KEY_UISupportedInterfaceOrientations_iPad = "UIInterfaceOrientationPortrait UIInterfaceOrientationPortraitUpsideDown UIInterfaceOrientationLandscapeLeft UIInterfaceOrientationLandscapeRight";
				INFOPLIST_KEY_UISupportedInterfaceOrientations_iPhone = "UIInterfaceOrientationPortrait UIInterfaceOrientationLandscapeLeft UIInterfaceOrientationLandscapeRight";
				LD_RUNPATH_SEARCH_PATHS = (
					"$(inherited)",
					"@executable_path/Frameworks",
				);
				MARKETING_VERSION = 1.0;
				PRODUCT_BUNDLE_IDENTIFIER = com.geek45.demo1;
				PRODUCT_NAME = "$(TARGET_NAME)";
				SWIFT_EMIT_LOC_STRINGS = YES;
				SWIFT_VERSION = 5.0;
				TARGETED_DEVICE_FAMILY = "1,2";
			};
			name = Debug;
		};
		972500BE285BF9EF003E1AB6 /* Release */ = {
			isa = XCBuildConfiguration;
			buildSettings = {
				ASSETCATALOG_COMPILER_APPICON_NAME = AppIcon;
				ASSETCATALOG_COMPILER_GLOBAL_ACCENT_COLOR_NAME = AccentColor;
				CODE_SIGN_STYLE = Automatic;
				CURRENT_PROJECT_VERSION = 1;
				DEVELOPMENT_ASSET_PATHS = "\"demo1/Preview Content\"";
				DEVELOPMENT_TEAM = 827QJZ93XY;
				ENABLE_PREVIEWS = YES;
				GENERATE_INFOPLIST_FILE = YES;
				INFOPLIST_KEY_UIApplicationSceneManifest_Generation = YES;
				INFOPLIST_KEY_UIApplicationSupportsIndirectInputEvents = YES;
				INFOPLIST_KEY_UILaunchScreen_Generation = YES;
				INFOPLIST_KEY_UISupportedInterfaceOrientations_iPad = "UIInterfaceOrientationPortrait UIInterfaceOrientationPortraitUpsideDown UIInterfaceOrientationLandscapeLeft UIInterfaceOrientationLandscapeRight";
				INFOPLIST_KEY_UISupportedInterfaceOrientations_iPhone = "UIInterfaceOrientationPortrait UIInterfaceOrientationLandscapeLeft UIInterfaceOrientationLandscapeRight";
				LD_RUNPATH_SEARCH_PATHS = (
					"$(inherited)",
					"@executable_path/Frameworks",
				);
				MARKETING_VERSION = 1.0;
				PRODUCT_BUNDLE_IDENTIFIER = com.geek45.demo1;
				PRODUCT_NAME = "$(TARGET_NAME)";
				SWIFT_EMIT_LOC_STRINGS = YES;
				SWIFT_VERSION = 5.0;
				TARGETED_DEVICE_FAMILY = "1,2";
			};
			name = Release;
		};
		972500C0285BF9EF003E1AB6 /* Debug */ = {
			isa = XCBuildConfiguration;
			buildSettings = {
				ALWAYS_EMBED_SWIFT_STANDARD_LIBRARIES = YES;
				BUNDLE_LOADER = "$(TEST_HOST)";
				CODE_SIGN_STYLE = Automatic;
				CURRENT_PROJECT_VERSION = 1;
				DEVELOPMENT_TEAM = 827QJZ93XY;
				GENERATE_INFOPLIST_FILE = YES;
				IPHONEOS_DEPLOYMENT_TARGET = 15.5;
				MARKETING_VERSION = 1.0;
				PRODUCT_BUNDLE_IDENTIFIER = com.geek45.demo1Tests;
				PRODUCT_NAME = "$(TARGET_NAME)";
				SWIFT_EMIT_LOC_STRINGS = NO;
				SWIFT_VERSION = 5.0;
				TARGETED_DEVICE_FAMILY = "1,2";
				TEST_HOST = "$(BUILT_PRODUCTS_DIR)/demo1.app/demo1";
			};
			name = Debug;
		};
		972500C1285BF9EF003E1AB6 /* Release */ = {
			isa = XCBuildConfiguration;
			buildSettings = {
				ALWAYS_EMBED_SWIFT_STANDARD_LIBRARIES = YES;
				BUNDLE_LOADER = "$(TEST_HOST)";
				CODE_SIGN_STYLE = Automatic;
				CURRENT_PROJECT_VERSION = 1;
				DEVELOPMENT_TEAM = 827QJZ93XY;
				GENERATE_INFOPLIST_FILE = YES;
				IPHONEOS_DEPLOYMENT_TARGET = 15.5;
				MARKETING_VERSION = 1.0;
				PRODUCT_BUNDLE_IDENTIFIER = com.geek45.demo1Tests;
				PRODUCT_NAME = "$(TARGET_NAME)";
				SWIFT_EMIT_LOC_STRINGS = NO;
				SWIFT_VERSION = 5.0;
				TARGETED_DEVICE_FAMILY = "1,2";
				TEST_HOST = "$(BUILT_PRODUCTS_DIR)/demo1.app/demo1";
			};
			name = Release;
		};
		972500C3285BF9EF003E1AB6 /* Debug */ = {
			isa = XCBuildConfiguration;
			buildSettings = {
				ALWAYS_EMBED_SWIFT_STANDARD_LIBRARIES = YES;
				CODE_SIGN_STYLE = Automatic;
				CURRENT_PROJECT_VERSION = 1;
				DEVELOPMENT_TEAM = 827QJZ93XY;
				GENERATE_INFOPLIST_FILE = YES;
				MARKETING_VERSION = 1.0;
				PRODUCT_BUNDLE_IDENTIFIER = com.geek45.demo1UITests;
				PRODUCT_NAME = "$(TARGET_NAME)";
				SWIFT_EMIT_LOC_STRINGS = NO;
				SWIFT_VERSION = 5.0;
				TARGETED_DEVICE_FAMILY = "1,2";
				TEST_TARGET_NAME = demo1;
			};
			name = Debug;
		};
		972500C4285BF9EF003E1AB6 /* Release */ = {
			isa = XCBuildConfiguration;
			buildSettings = {
				ALWAYS_EMBED_SWIFT_STANDARD_LIBRARIES = YES;
				CODE_SIGN_STYLE = Automatic;
				CURRENT_PROJECT_VERSION = 1;
				DEVELOPMENT_TEAM = 827QJZ93XY;
				GENERATE_INFOPLIST_FILE = YES;
				MARKETING_VERSION = 1.0;
				PRODUCT_BUNDLE_IDENTIFIER = com.geek45.demo1UITests;
				PRODUCT_NAME = "$(TARGET_NAME)";
				SWIFT_EMIT_LOC_STRINGS = NO;
				SWIFT_VERSION = 5.0;
				TARGETED_DEVICE_FAMILY = "1,2";
				TEST_TARGET_NAME = demo1;
			};
			name = Release;
		};
/* End XCBuildConfiguration section */

/* Begin XCConfigurationList section */
		97250093285BF9EC003E1AB6 /* Build configuration list for PBXProject "demo1" */ = {
			isa = XCConfigurationList;
			buildConfigurations = (
				972500BA285BF9EF003E1AB6 /* Debug */,
				972500BB285BF9EF003E1AB6 /* Release */,
			);
			defaultConfigurationIsVisible = 0;
			defaultConfigurationName = Release;
		};
		972500BC285BF9EF003E1AB6 /* Build configuration list for PBXNativeTarget "demo1" */ = {
			isa = XCConfigurationList;
			buildConfigurations = (
				972500BD285BF9EF003E1AB6 /* Debug */,
				972500BE285BF9EF003E1AB6 /* Release */,
			);
			defaultConfigurationIsVisible = 0;
			defaultConfigurationName = Release;
		};
		972500BF285BF9EF003E1AB6 /* Build configuration list for PBXNativeTarget "demo1Tests" */ = {
			isa = XCConfigurationList;
			buildConfigurations = (
				972500C0285BF9EF003E1AB6 /* Debug */,
				972500C1285BF9EF003E1AB6 /* Release */,
			);
			defaultConfigurationIsVisible = 0;
			defaultConfigurationName = Release;
		};
		972500C2285BF9EF003E1AB6 /* Build configuration list for PBXNativeTarget "demo1UITests" */ = {
			isa = XCConfigurationList;
			buildConfigurations = (
				972500C3285BF9EF003E1AB6 /* Debug */,
				972500C4285BF9EF003E1AB6 /* Release */,
			);
			defaultConfigurationIsVisible = 0;
			defaultConfigurationName = Release;
		};
/* End XCConfigurationList section */
	};
	rootObject = 97250090285BF9EC003E1AB6 /* Project object */;
}
